
Microsoft Visual Studio Solution File, Format Version 12.00
# Visual Studio Version 17
VisualStudioVersion = 17.1.32421.90
MinimumVisualStudioVersion = 10.0.40219.1
Project("{FAE04EC0-301F-11D3-BF4B-00C04F79EFBC}") = "MiniGuestBook", "MiniGuestBook\MiniGuestBook.csproj", "{289FE9A5-0245-4FA7-BFFF-BB522DB0856B}"
EndProject
Global
	GlobalSection(SolutionConfigurationPlatforms) = preSolution
		Debug|Any CPU = Debug|Any CPU
		Release|Any CPU = Release|Any CPU
	EndGlobalSection
	GlobalSection(ProjectConfigurationPlatforms) = postSolution
		{289FE9A5-0245-4FA7-BFFF-BB522DB0856B}.Debug|Any CPU.ActiveCfg = Debug|Any CPU
		{289FE9A5-0245-4FA7-BFFF-BB522DB0856B}.Debug|Any CPU.Build.0 = Debug|Any CPU
		{289FE9A5-0245-4FA7-BFFF-BB522DB0856B}.Release|Any CPU.ActiveCfg = Release|Any CPU
		{289FE9A5-0245-4FA7-BFFF-BB522DB0856B}.Release|Any CPU.Build.0 = Release|Any CPU
	EndGlobalSection
	GlobalSection(SolutionProperties) = preSolution
		HideSolutionNode = FALSE
	EndGlobalSection
	GlobalSection(ExtensibilityGlobals) = postSolution
		SolutionGuid = {F9D7BE73-6119-4D26-B826-BC14D6D51295}
	EndGlobalSection
EndGlobal
